
Microsoft Visual Studio Solution File, Format Version 12.00
# Visual Studio 14
VisualStudioVersion = 14.0.23107.0
MinimumVisualStudioVersion = 10.0.40219.1
Project("{FAE04EC0-301F-11D3-BF4B-00C04F79EFBC}") = "SQLite.WinRT", "SQLite.WinRT\SQLite.WinRT.csproj", "{94BF16E1-6978-425F-8629-DFBE5016BD9E}"
EndProject
Project("{FAE04EC0-301F-11D3-BF4B-00C04F79EFBC}") = "SQLite.WinRT.Windows81", "SQLite.WinRT.Windows81\SQLite.WinRT.Windows81.csproj", "{03D2C42C-7493-4D5C-AF16-1833E7FE2332}"
EndProject
Project("{2150E333-8FDC-42A3-9474-1A3956D46DE8}") = "Tests", "Tests", "{8873476F-8A32-4012-8D11-C618BD0EBDB4}"
EndProject
Project("{2150E333-8FDC-42A3-9474-1A3956D46DE8}") = "Core", "Core", "{515B5C20-C08A-4DC2-A25F-BD1E64A22256}"
EndProject
Project("{2150E333-8FDC-42A3-9474-1A3956D46DE8}") = "Platforms", "Platforms", "{954F8392-B579-47E3-9138-9907BF409E32}"
EndProject
Project("{2150E333-8FDC-42A3-9474-1A3956D46DE8}") = ".nuget", ".nuget", "{D79E2AE9-D53C-4CCC-8767-7A37C9F36F65}"
	ProjectSection(SolutionItems) = preProject
		.nuget\NuGet.Config = .nuget\NuGet.Config
		.nuget\NuGet.exe = .nuget\NuGet.exe
		.nuget\NuGet.targets = .nuget\NuGet.targets
	EndProjectSection
EndProject
Project("{FAE04EC0-301F-11D3-BF4B-00C04F79EFBC}") = "SQLite.WinRT.WindowsPhone81", "SQLite.WinRT.WindowsPhone81\SQLite.WinRT.WindowsPhone81.csproj", "{F44C33E5-E159-4C4A-8F14-DE423B73B037}"
EndProject
Project("{FAE04EC0-301F-11D3-BF4B-00C04F79EFBC}") = "SQLite.WinRT.Windows81.Tests", "Tests\SQLite.WinRT.Windows81.Tests\SQLite.WinRT.Windows81.Tests.csproj", "{A9500958-8D3C-4718-A867-135A226259E0}"
EndProject
Project("{FAE04EC0-301F-11D3-BF4B-00C04F79EFBC}") = "SQLite.WinRT.WindowsPhone81.Tests", "Tests\SQLite.WinRT.WindowsPhone81.Tests\SQLite.WinRT.WindowsPhone81.Tests.csproj", "{98DA0CEF-BBF1-4989-8227-AF3ECA730E65}"
EndProject
Project("{2150E333-8FDC-42A3-9474-1A3956D46DE8}") = "Windows Universal", "Windows Universal", "{FCB0C0E5-B193-49ED-8FC0-84BB5892A50B}"
EndProject
Project("{2150E333-8FDC-42A3-9474-1A3956D46DE8}") = "Windows 8.1", "Windows 8.1", "{EF237F95-8C55-4EF5-9C9D-81326EED7036}"
EndProject
Project("{2150E333-8FDC-42A3-9474-1A3956D46DE8}") = "Windows Phone 8.1", "Windows Phone 8.1", "{9496F989-58DC-4B09-B937-E8527EC7ECA9}"
EndProject
Project("{FAE04EC0-301F-11D3-BF4B-00C04F79EFBC}") = "SQLite.WinRT.UAP", "SQLite.WinRT.UAP\SQLite.WinRT.UAP.csproj", "{FC1B4156-0606-4F6B-9F85-F071BFA4C9D0}"
EndProject
Project("{FAE04EC0-301F-11D3-BF4B-00C04F79EFBC}") = "SQLite.WinRT.UAP.Tests", "Tests\SQLite.WinRT.UAP.Tests\SQLite.WinRT.UAP.Tests.csproj", "{6F98F4F2-BB29-4D99-9EBF-0F8E80D987BF}"
EndProject
Global
	GlobalSection(SolutionConfigurationPlatforms) = preSolution
		Debug|Any CPU = Debug|Any CPU
		Debug|ARM = Debug|ARM
		Debug|x64 = Debug|x64
		Debug|x86 = Debug|x86
		Release|Any CPU = Release|Any CPU
		Release|ARM = Release|ARM
		Release|x64 = Release|x64
		Release|x86 = Release|x86
	EndGlobalSection
	GlobalSection(ProjectConfigurationPlatforms) = postSolution
		{94BF16E1-6978-425F-8629-DFBE5016BD9E}.Debug|Any CPU.ActiveCfg = Debug|Any CPU
		{94BF16E1-6978-425F-8629-DFBE5016BD9E}.Debug|Any CPU.Build.0 = Debug|Any CPU
		{94BF16E1-6978-425F-8629-DFBE5016BD9E}.Debug|ARM.ActiveCfg = Debug|Any CPU
		{94BF16E1-6978-425F-8629-DFBE5016BD9E}.Debug|ARM.Build.0 = Debug|Any CPU
		{94BF16E1-6978-425F-8629-DFBE5016BD9E}.Debug|x64.ActiveCfg = Debug|Any CPU
		{94BF16E1-6978-425F-8629-DFBE5016BD9E}.Debug|x64.Build.0 = Debug|Any CPU
		{94BF16E1-6978-425F-8629-DFBE5016BD9E}.Debug|x86.ActiveCfg = Debug|Any CPU
		{94BF16E1-6978-425F-8629-DFBE5016BD9E}.Debug|x86.Build.0 = Debug|Any CPU
		{94BF16E1-6978-425F-8629-DFBE5016BD9E}.Release|Any CPU.ActiveCfg = Release|Any CPU
		{94BF16E1-6978-425F-8629-DFBE5016BD9E}.Release|Any CPU.Build.0 = Release|Any CPU
		{94BF16E1-6978-425F-8629-DFBE5016BD9E}.Release|ARM.ActiveCfg = Release|Any CPU
		{94BF16E1-6978-425F-8629-DFBE5016BD9E}.Release|ARM.Build.0 = Release|Any CPU
		{94BF16E1-6978-425F-8629-DFBE5016BD9E}.Release|x64.ActiveCfg = Release|Any CPU
		{94BF16E1-6978-425F-8629-DFBE5016BD9E}.Release|x64.Build.0 = Release|Any CPU
		{94BF16E1-6978-425F-8629-DFBE5016BD9E}.Release|x86.ActiveCfg = Release|Any CPU
		{94BF16E1-6978-425F-8629-DFBE5016BD9E}.Release|x86.Build.0 = Release|Any CPU
		{03D2C42C-7493-4D5C-AF16-1833E7FE2332}.Debug|Any CPU.ActiveCfg = Debug|Any CPU
		{03D2C42C-7493-4D5C-AF16-1833E7FE2332}.Debug|Any CPU.Build.0 = Debug|Any CPU
		{03D2C42C-7493-4D5C-AF16-1833E7FE2332}.Debug|ARM.ActiveCfg = Debug|ARM
		{03D2C42C-7493-4D5C-AF16-1833E7FE2332}.Debug|ARM.Build.0 = Debug|ARM
		{03D2C42C-7493-4D5C-AF16-1833E7FE2332}.Debug|x64.ActiveCfg = Debug|x64
		{03D2C42C-7493-4D5C-AF16-1833E7FE2332}.Debug|x64.Build.0 = Debug|x64
		{03D2C42C-7493-4D5C-AF16-1833E7FE2332}.Debug|x86.ActiveCfg = Debug|x86
		{03D2C42C-7493-4D5C-AF16-1833E7FE2332}.Debug|x86.Build.0 = Debug|x86
		{03D2C42C-7493-4D5C-AF16-1833E7FE2332}.Release|Any CPU.ActiveCfg = Release|Any CPU
		{03D2C42C-7493-4D5C-AF16-1833E7FE2332}.Release|Any CPU.Build.0 = Release|Any CPU
		{03D2C42C-7493-4D5C-AF16-1833E7FE2332}.Release|ARM.ActiveCfg = Release|ARM
		{03D2C42C-7493-4D5C-AF16-1833E7FE2332}.Release|ARM.Build.0 = Release|ARM
		{03D2C42C-7493-4D5C-AF16-1833E7FE2332}.Release|x64.ActiveCfg = Release|x64
		{03D2C42C-7493-4D5C-AF16-1833E7FE2332}.Release|x64.Build.0 = Release|x64
		{03D2C42C-7493-4D5C-AF16-1833E7FE2332}.Release|x86.ActiveCfg = Release|x86
		{03D2C42C-7493-4D5C-AF16-1833E7FE2332}.Release|x86.Build.0 = Release|x86
		{F44C33E5-E159-4C4A-8F14-DE423B73B037}.Debug|Any CPU.ActiveCfg = Debug|Any CPU
		{F44C33E5-E159-4C4A-8F14-DE423B73B037}.Debug|Any CPU.Build.0 = Debug|Any CPU
		{F44C33E5-E159-4C4A-8F14-DE423B73B037}.Debug|ARM.ActiveCfg = Debug|ARM
		{F44C33E5-E159-4C4A-8F14-DE423B73B037}.Debug|ARM.Build.0 = Debug|ARM
		{F44C33E5-E159-4C4A-8F14-DE423B73B037}.Debug|x64.ActiveCfg = Debug|Any CPU
		{F44C33E5-E159-4C4A-8F14-DE423B73B037}.Debug|x86.ActiveCfg = Debug|x86
		{F44C33E5-E159-4C4A-8F14-DE423B73B037}.Debug|x86.Build.0 = Debug|x86
		{F44C33E5-E159-4C4A-8F14-DE423B73B037}.Release|Any CPU.ActiveCfg = Release|Any CPU
		{F44C33E5-E159-4C4A-8F14-DE423B73B037}.Release|Any CPU.Build.0 = Release|Any CPU
		{F44C33E5-E159-4C4A-8F14-DE423B73B037}.Release|ARM.ActiveCfg = Release|ARM
		{F44C33E5-E159-4C4A-8F14-DE423B73B037}.Release|ARM.Build.0 = Release|ARM
		{F44C33E5-E159-4C4A-8F14-DE423B73B037}.Release|x64.ActiveCfg = Release|Any CPU
		{F44C33E5-E159-4C4A-8F14-DE423B73B037}.Release|x86.ActiveCfg = Release|x86
		{F44C33E5-E159-4C4A-8F14-DE423B73B037}.Release|x86.Build.0 = Release|x86
		{A9500958-8D3C-4718-A867-135A226259E0}.Debug|Any CPU.ActiveCfg = Debug|Any CPU
		{A9500958-8D3C-4718-A867-135A226259E0}.Debug|Any CPU.Build.0 = Debug|Any CPU
		{A9500958-8D3C-4718-A867-135A226259E0}.Debug|Any CPU.Deploy.0 = Debug|Any CPU
		{A9500958-8D3C-4718-A867-135A226259E0}.Debug|ARM.ActiveCfg = Debug|ARM
		{A9500958-8D3C-4718-A867-135A226259E0}.Debug|ARM.Build.0 = Debug|ARM
		{A9500958-8D3C-4718-A867-135A226259E0}.Debug|ARM.Deploy.0 = Debug|ARM
		{A9500958-8D3C-4718-A867-135A226259E0}.Debug|x64.ActiveCfg = Debug|x64
		{A9500958-8D3C-4718-A867-135A226259E0}.Debug|x64.Build.0 = Debug|x64
		{A9500958-8D3C-4718-A867-135A226259E0}.Debug|x64.Deploy.0 = Debug|x64
		{A9500958-8D3C-4718-A867-135A226259E0}.Debug|x86.ActiveCfg = Debug|x86
		{A9500958-8D3C-4718-A867-135A226259E0}.Debug|x86.Build.0 = Debug|x86
		{A9500958-8D3C-4718-A867-135A226259E0}.Debug|x86.Deploy.0 = Debug|x86
		{A9500958-8D3C-4718-A867-135A226259E0}.Release|Any CPU.ActiveCfg = Release|Any CPU
		{A9500958-8D3C-4718-A867-135A226259E0}.Release|Any CPU.Build.0 = Release|Any CPU
		{A9500958-8D3C-4718-A867-135A226259E0}.Release|Any CPU.Deploy.0 = Release|Any CPU
		{A9500958-8D3C-4718-A867-135A226259E0}.Release|ARM.ActiveCfg = Release|ARM
		{A9500958-8D3C-4718-A867-135A226259E0}.Release|ARM.Build.0 = Release|ARM
		{A9500958-8D3C-4718-A867-135A226259E0}.Release|ARM.Deploy.0 = Release|ARM
		{A9500958-8D3C-4718-A867-135A226259E0}.Release|x64.ActiveCfg = Release|x64
		{A9500958-8D3C-4718-A867-135A226259E0}.Release|x64.Build.0 = Release|x64
		{A9500958-8D3C-4718-A867-135A226259E0}.Release|x64.Deploy.0 = Release|x64
		{A9500958-8D3C-4718-A867-135A226259E0}.Release|x86.ActiveCfg = Release|x86
		{A9500958-8D3C-4718-A867-135A226259E0}.Release|x86.Build.0 = Release|x86
		{A9500958-8D3C-4718-A867-135A226259E0}.Release|x86.Deploy.0 = Release|x86
		{98DA0CEF-BBF1-4989-8227-AF3ECA730E65}.Debug|Any CPU.ActiveCfg = Debug|x86
		{98DA0CEF-BBF1-4989-8227-AF3ECA730E65}.Debug|ARM.ActiveCfg = Debug|ARM
		{98DA0CEF-BBF1-4989-8227-AF3ECA730E65}.Debug|ARM.Build.0 = Debug|ARM
		{98DA0CEF-BBF1-4989-8227-AF3ECA730E65}.Debug|ARM.Deploy.0 = Debug|ARM
		{98DA0CEF-BBF1-4989-8227-AF3ECA730E65}.Debug|x64.ActiveCfg = Debug|x86
		{98DA0CEF-BBF1-4989-8227-AF3ECA730E65}.Debug|x86.ActiveCfg = Debug|x86
		{98DA0CEF-BBF1-4989-8227-AF3ECA730E65}.Debug|x86.Build.0 = Debug|x86
		{98DA0CEF-BBF1-4989-8227-AF3ECA730E65}.Debug|x86.Deploy.0 = Debug|x86
		{98DA0CEF-BBF1-4989-8227-AF3ECA730E65}.Release|Any CPU.ActiveCfg = Release|x86
		{98DA0CEF-BBF1-4989-8227-AF3ECA730E65}.Release|ARM.ActiveCfg = Release|ARM
		{98DA0CEF-BBF1-4989-8227-AF3ECA730E65}.Release|ARM.Build.0 = Release|ARM
		{98DA0CEF-BBF1-4989-8227-AF3ECA730E65}.Release|ARM.Deploy.0 = Release|ARM
		{98DA0CEF-BBF1-4989-8227-AF3ECA730E65}.Release|x64.ActiveCfg = Release|x86
		{98DA0CEF-BBF1-4989-8227-AF3ECA730E65}.Release|x86.ActiveCfg = Release|x86
		{98DA0CEF-BBF1-4989-8227-AF3ECA730E65}.Release|x86.Build.0 = Release|x86
		{98DA0CEF-BBF1-4989-8227-AF3ECA730E65}.Release|x86.Deploy.0 = Release|x86
		{FC1B4156-0606-4F6B-9F85-F071BFA4C9D0}.Debug|Any CPU.ActiveCfg = Debug|Any CPU
		{FC1B4156-0606-4F6B-9F85-F071BFA4C9D0}.Debug|Any CPU.Build.0 = Debug|Any CPU
		{FC1B4156-0606-4F6B-9F85-F071BFA4C9D0}.Debug|ARM.ActiveCfg = Debug|ARM
		{FC1B4156-0606-4F6B-9F85-F071BFA4C9D0}.Debug|ARM.Build.0 = Debug|ARM
		{FC1B4156-0606-4F6B-9F85-F071BFA4C9D0}.Debug|x64.ActiveCfg = Debug|x64
		{FC1B4156-0606-4F6B-9F85-F071BFA4C9D0}.Debug|x64.Build.0 = Debug|x64
		{FC1B4156-0606-4F6B-9F85-F071BFA4C9D0}.Debug|x86.ActiveCfg = Debug|x86
		{FC1B4156-0606-4F6B-9F85-F071BFA4C9D0}.Debug|x86.Build.0 = Debug|x86
		{FC1B4156-0606-4F6B-9F85-F071BFA4C9D0}.Release|Any CPU.ActiveCfg = Release|Any CPU
		{FC1B4156-0606-4F6B-9F85-F071BFA4C9D0}.Release|Any CPU.Build.0 = Release|Any CPU
		{FC1B4156-0606-4F6B-9F85-F071BFA4C9D0}.Release|ARM.ActiveCfg = Release|ARM
		{FC1B4156-0606-4F6B-9F85-F071BFA4C9D0}.Release|ARM.Build.0 = Release|ARM
		{FC1B4156-0606-4F6B-9F85-F071BFA4C9D0}.Release|x64.ActiveCfg = Release|x64
		{FC1B4156-0606-4F6B-9F85-F071BFA4C9D0}.Release|x64.Build.0 = Release|x64
		{FC1B4156-0606-4F6B-9F85-F071BFA4C9D0}.Release|x86.ActiveCfg = Release|x86
		{FC1B4156-0606-4F6B-9F85-F071BFA4C9D0}.Release|x86.Build.0 = Release|x86
		{6F98F4F2-BB29-4D99-9EBF-0F8E80D987BF}.Debug|Any CPU.ActiveCfg = Debug|x86
		{6F98F4F2-BB29-4D99-9EBF-0F8E80D987BF}.Debug|ARM.ActiveCfg = Debug|ARM
		{6F98F4F2-BB29-4D99-9EBF-0F8E80D987BF}.Debug|ARM.Build.0 = Debug|ARM
		{6F98F4F2-BB29-4D99-9EBF-0F8E80D987BF}.Debug|ARM.Deploy.0 = Debug|ARM
		{6F98F4F2-BB29-4D99-9EBF-0F8E80D987BF}.Debug|x64.ActiveCfg = Debug|x64
		{6F98F4F2-BB29-4D99-9EBF-0F8E80D987BF}.Debug|x64.Build.0 = Debug|x64
		{6F98F4F2-BB29-4D99-9EBF-0F8E80D987BF}.Debug|x64.Deploy.0 = Debug|x64
		{6F98F4F2-BB29-4D99-9EBF-0F8E80D987BF}.Debug|x86.ActiveCfg = Debug|x86
		{6F98F4F2-BB29-4D99-9EBF-0F8E80D987BF}.Debug|x86.Build.0 = Debug|x86
		{6F98F4F2-BB29-4D99-9EBF-0F8E80D987BF}.Debug|x86.Deploy.0 = Debug|x86
		{6F98F4F2-BB29-4D99-9EBF-0F8E80D987BF}.Release|Any CPU.ActiveCfg = Release|x86
		{6F98F4F2-BB29-4D99-9EBF-0F8E80D987BF}.Release|ARM.ActiveCfg = Release|ARM
		{6F98F4F2-BB29-4D99-9EBF-0F8E80D987BF}.Release|ARM.Build.0 = Release|ARM
		{6F98F4F2-BB29-4D99-9EBF-0F8E80D987BF}.Release|ARM.Deploy.0 = Release|ARM
		{6F98F4F2-BB29-4D99-9EBF-0F8E80D987BF}.Release|x64.ActiveCfg = Release|x64
		{6F98F4F2-BB29-4D99-9EBF-0F8E80D987BF}.Release|x64.Build.0 = Release|x64
		{6F98F4F2-BB29-4D99-9EBF-0F8E80D987BF}.Release|x64.Deploy.0 = Release|x64
		{6F98F4F2-BB29-4D99-9EBF-0F8E80D987BF}.Release|x86.ActiveCfg = Release|x86
		{6F98F4F2-BB29-4D99-9EBF-0F8E80D987BF}.Release|x86.Build.0 = Release|x86
		{6F98F4F2-BB29-4D99-9EBF-0F8E80D987BF}.Release|x86.Deploy.0 = Release|x86
	EndGlobalSection
	GlobalSection(SolutionProperties) = preSolution
		HideSolutionNode = FALSE
	EndGlobalSection
	GlobalSection(NestedProjects) = preSolution
		{94BF16E1-6978-425F-8629-DFBE5016BD9E} = {515B5C20-C08A-4DC2-A25F-BD1E64A22256}
		{03D2C42C-7493-4D5C-AF16-1833E7FE2332} = {EF237F95-8C55-4EF5-9C9D-81326EED7036}
		{F44C33E5-E159-4C4A-8F14-DE423B73B037} = {9496F989-58DC-4B09-B937-E8527EC7ECA9}
		{A9500958-8D3C-4718-A867-135A226259E0} = {8873476F-8A32-4012-8D11-C618BD0EBDB4}
		{98DA0CEF-BBF1-4989-8227-AF3ECA730E65} = {8873476F-8A32-4012-8D11-C618BD0EBDB4}
		{FCB0C0E5-B193-49ED-8FC0-84BB5892A50B} = {954F8392-B579-47E3-9138-9907BF409E32}
		{EF237F95-8C55-4EF5-9C9D-81326EED7036} = {954F8392-B579-47E3-9138-9907BF409E32}
		{9496F989-58DC-4B09-B937-E8527EC7ECA9} = {954F8392-B579-47E3-9138-9907BF409E32}
		{FC1B4156-0606-4F6B-9F85-F071BFA4C9D0} = {FCB0C0E5-B193-49ED-8FC0-84BB5892A50B}
		{6F98F4F2-BB29-4D99-9EBF-0F8E80D987BF} = {8873476F-8A32-4012-8D11-C618BD0EBDB4}
	EndGlobalSection
EndGlobal
