
Microsoft Visual Studio Solution File, Format Version 12.00
# Visual Studio 14
VisualStudioVersion = 14.0.22823.1
MinimumVisualStudioVersion = 10.0.40219.1
Project("{FAE04EC0-301F-11D3-BF4B-00C04F79EFBC}") = "SQLite.WinRT", "SQLite.WinRT\SQLite.WinRT.csproj", "{94BF16E1-6978-425F-8629-DFBE5016BD9E}"
EndProject
Project("{FAE04EC0-301F-11D3-BF4B-00C04F79EFBC}") = "SQLite.WinRT.Windows81", "SQLite.WinRT.Windows81\SQLite.WinRT.Windows81.csproj", "{03D2C42C-7493-4D5C-AF16-1833E7FE2332}"
EndProject
Project("{2150E333-8FDC-42A3-9474-1A3956D46DE8}") = "Tests", "Tests", "{8873476F-8A32-4012-8D11-C618BD0EBDB4}"
EndProject
Project("{2150E333-8FDC-42A3-9474-1A3956D46DE8}") = "Core", "Core", "{515B5C20-C08A-4DC2-A25F-BD1E64A22256}"
EndProject
Project("{2150E333-8FDC-42A3-9474-1A3956D46DE8}") = "Platforms", "Platforms", "{954F8392-B579-47E3-9138-9907BF409E32}"
EndProject
Project("{FAE04EC0-301F-11D3-BF4B-00C04F79EFBC}") = "SQLite.WinRT.Tests.WindowsPhone8", "Tests\SQLite.WinRT.WindowsPhone8.Tests\SQLite.WinRT.Tests.WindowsPhone8.csproj", "{C5B83B3E-C2A7-4503-B3BA-D34FECA1219C}"
EndProject
Project("{FAE04EC0-301F-11D3-BF4B-00C04F79EFBC}") = "SQLite.WinRT.WindowsPhone8", "SQLite.WinRT.WindowsPhone8\SQLite.WinRT.WindowsPhone8.csproj", "{946316C9-FABC-4F2A-BAC3-4489BA5A8BA6}"
EndProject
Project("{2150E333-8FDC-42A3-9474-1A3956D46DE8}") = ".nuget", ".nuget", "{D79E2AE9-D53C-4CCC-8767-7A37C9F36F65}"
	ProjectSection(SolutionItems) = preProject
		.nuget\NuGet.Config = .nuget\NuGet.Config
		.nuget\NuGet.exe = .nuget\NuGet.exe
		.nuget\NuGet.targets = .nuget\NuGet.targets
	EndProjectSection
EndProject
Project("{FAE04EC0-301F-11D3-BF4B-00C04F79EFBC}") = "SQLite.WinRT.WindowsPhone81", "SQLite.WinRT.WindowsPhone81\SQLite.WinRT.WindowsPhone81.csproj", "{F44C33E5-E159-4C4A-8F14-DE423B73B037}"
EndProject
Project("{8BC9CEB8-8B4A-11D0-8D11-00A0C91BC942}") = "Sqlite.WP80", "Sqlite.WP80\Sqlite.WP80.vcxproj", "{59B35F6C-E062-4F0E-88D8-13F3F82A24F3}"
EndProject
Project("{8BC9CEB8-8B4A-11D0-8D11-00A0C91BC942}") = "Sqlite.WP81", "Sqlite.WP81\Sqlite.WP81.vcxproj", "{399D80C0-A902-42AA-A182-484F7BBD495A}"
EndProject
Project("{FAE04EC0-301F-11D3-BF4B-00C04F79EFBC}") = "SQLite.WinRT.net45", "SQLite.WinRT.net45\SQLite.WinRT.net45.csproj", "{75B31A12-C517-4A9E-974A-3B28A23CA353}"
EndProject
Project("{FAE04EC0-301F-11D3-BF4B-00C04F79EFBC}") = "SQLite.WinRT.Tests.net45", "Tests\SQLite.WinRT.net45.Tests\SQLite.WinRT.Tests.net45.csproj", "{2899EAA0-2811-491B-95E2-CA220C2D982C}"
EndProject
Project("{8BC9CEB8-8B4A-11D0-8D11-00A0C91BC942}") = "sqlite3", "sqlite3\sqlite3.vcxproj", "{F7D82FE3-C9F6-42BC-85ED-1FA31A118667}"
EndProject
Project("{8BC9CEB8-8B4A-11D0-8D11-00A0C91BC942}") = "Sqlite.UAP", "Sqlite.UAP\Sqlite.UAP.vcxproj", "{173064DD-3B4F-48E2-A6CB-5803A307420E}"
EndProject
Project("{FAE04EC0-301F-11D3-BF4B-00C04F79EFBC}") = "SQLite.WinRT.UAP", "SQLite.WinRT.UAP\SQLite.WinRT.UAP.csproj", "{6624A634-EE7E-4177-A46F-92EC1DC36BE7}"
EndProject
Project("{FAE04EC0-301F-11D3-BF4B-00C04F79EFBC}") = "SQLite.WinRT.Tests.Windows81", "Tests\SQLite.WinRT.Windows81.Tests\SQLite.WinRT.Tests.Windows81.csproj", "{A9500958-8D3C-4718-A867-135A226259E0}"
EndProject
Project("{FAE04EC0-301F-11D3-BF4B-00C04F79EFBC}") = "SQLite.WinRT.WindowsPhone81.Tests", "Tests\SQLite.WinRT.WindowsPhone81.Tests\SQLite.WinRT.WindowsPhone81.Tests.csproj", "{98DA0CEF-BBF1-4989-8227-AF3ECA730E65}"
EndProject
Project("{2150E333-8FDC-42A3-9474-1A3956D46DE8}") = "Windows Universal", "Windows Universal", "{FCB0C0E5-B193-49ED-8FC0-84BB5892A50B}"
EndProject
Project("{2150E333-8FDC-42A3-9474-1A3956D46DE8}") = "Windows 8.1", "Windows 8.1", "{EF237F95-8C55-4EF5-9C9D-81326EED7036}"
EndProject
Project("{2150E333-8FDC-42A3-9474-1A3956D46DE8}") = "Windows Phone 8.1", "Windows Phone 8.1", "{9496F989-58DC-4B09-B937-E8527EC7ECA9}"
EndProject
Project("{2150E333-8FDC-42A3-9474-1A3956D46DE8}") = "Windows Phone 8.0", "Windows Phone 8.0", "{3CDBAF48-8975-43BD-84E0-71A6A3A2C3DD}"
EndProject
Project("{2150E333-8FDC-42A3-9474-1A3956D46DE8}") = "Windows Desktop", "Windows Desktop", "{2E170E41-F692-4DD4-9751-22A8B0892151}"
EndProject
Global
	GlobalSection(SolutionConfigurationPlatforms) = preSolution
		Debug|Any CPU = Debug|Any CPU
		Debug|ARM = Debug|ARM
		Debug|x64 = Debug|x64
		Debug|x86 = Debug|x86
		Release|Any CPU = Release|Any CPU
		Release|ARM = Release|ARM
		Release|x64 = Release|x64
		Release|x86 = Release|x86
	EndGlobalSection
	GlobalSection(ProjectConfigurationPlatforms) = postSolution
		{94BF16E1-6978-425F-8629-DFBE5016BD9E}.Debug|Any CPU.ActiveCfg = Debug|Any CPU
		{94BF16E1-6978-425F-8629-DFBE5016BD9E}.Debug|Any CPU.Build.0 = Debug|Any CPU
		{94BF16E1-6978-425F-8629-DFBE5016BD9E}.Debug|ARM.ActiveCfg = Debug|Any CPU
		{94BF16E1-6978-425F-8629-DFBE5016BD9E}.Debug|ARM.Build.0 = Debug|Any CPU
		{94BF16E1-6978-425F-8629-DFBE5016BD9E}.Debug|x64.ActiveCfg = Debug|Any CPU
		{94BF16E1-6978-425F-8629-DFBE5016BD9E}.Debug|x64.Build.0 = Debug|Any CPU
		{94BF16E1-6978-425F-8629-DFBE5016BD9E}.Debug|x86.ActiveCfg = Debug|Any CPU
		{94BF16E1-6978-425F-8629-DFBE5016BD9E}.Debug|x86.Build.0 = Debug|Any CPU
		{94BF16E1-6978-425F-8629-DFBE5016BD9E}.Release|Any CPU.ActiveCfg = Release|Any CPU
		{94BF16E1-6978-425F-8629-DFBE5016BD9E}.Release|Any CPU.Build.0 = Release|Any CPU
		{94BF16E1-6978-425F-8629-DFBE5016BD9E}.Release|ARM.ActiveCfg = Release|Any CPU
		{94BF16E1-6978-425F-8629-DFBE5016BD9E}.Release|ARM.Build.0 = Release|Any CPU
		{94BF16E1-6978-425F-8629-DFBE5016BD9E}.Release|x64.ActiveCfg = Release|Any CPU
		{94BF16E1-6978-425F-8629-DFBE5016BD9E}.Release|x64.Build.0 = Release|Any CPU
		{94BF16E1-6978-425F-8629-DFBE5016BD9E}.Release|x86.ActiveCfg = Release|Any CPU
		{94BF16E1-6978-425F-8629-DFBE5016BD9E}.Release|x86.Build.0 = Release|Any CPU
		{03D2C42C-7493-4D5C-AF16-1833E7FE2332}.Debug|Any CPU.ActiveCfg = Debug|Any CPU
		{03D2C42C-7493-4D5C-AF16-1833E7FE2332}.Debug|Any CPU.Build.0 = Debug|Any CPU
		{03D2C42C-7493-4D5C-AF16-1833E7FE2332}.Debug|ARM.ActiveCfg = Debug|ARM
		{03D2C42C-7493-4D5C-AF16-1833E7FE2332}.Debug|ARM.Build.0 = Debug|ARM
		{03D2C42C-7493-4D5C-AF16-1833E7FE2332}.Debug|x64.ActiveCfg = Debug|x64
		{03D2C42C-7493-4D5C-AF16-1833E7FE2332}.Debug|x64.Build.0 = Debug|x64
		{03D2C42C-7493-4D5C-AF16-1833E7FE2332}.Debug|x86.ActiveCfg = Debug|x86
		{03D2C42C-7493-4D5C-AF16-1833E7FE2332}.Debug|x86.Build.0 = Debug|x86
		{03D2C42C-7493-4D5C-AF16-1833E7FE2332}.Release|Any CPU.ActiveCfg = Release|Any CPU
		{03D2C42C-7493-4D5C-AF16-1833E7FE2332}.Release|Any CPU.Build.0 = Release|Any CPU
		{03D2C42C-7493-4D5C-AF16-1833E7FE2332}.Release|ARM.ActiveCfg = Release|ARM
		{03D2C42C-7493-4D5C-AF16-1833E7FE2332}.Release|ARM.Build.0 = Release|ARM
		{03D2C42C-7493-4D5C-AF16-1833E7FE2332}.Release|x64.ActiveCfg = Release|x64
		{03D2C42C-7493-4D5C-AF16-1833E7FE2332}.Release|x64.Build.0 = Release|x64
		{03D2C42C-7493-4D5C-AF16-1833E7FE2332}.Release|x86.ActiveCfg = Release|x86
		{03D2C42C-7493-4D5C-AF16-1833E7FE2332}.Release|x86.Build.0 = Release|x86
		{C5B83B3E-C2A7-4503-B3BA-D34FECA1219C}.Debug|Any CPU.ActiveCfg = Debug|x86
		{C5B83B3E-C2A7-4503-B3BA-D34FECA1219C}.Debug|ARM.ActiveCfg = Debug|ARM
		{C5B83B3E-C2A7-4503-B3BA-D34FECA1219C}.Debug|ARM.Build.0 = Debug|ARM
		{C5B83B3E-C2A7-4503-B3BA-D34FECA1219C}.Debug|ARM.Deploy.0 = Debug|ARM
		{C5B83B3E-C2A7-4503-B3BA-D34FECA1219C}.Debug|x64.ActiveCfg = Debug|x86
		{C5B83B3E-C2A7-4503-B3BA-D34FECA1219C}.Debug|x86.ActiveCfg = Debug|x86
		{C5B83B3E-C2A7-4503-B3BA-D34FECA1219C}.Debug|x86.Build.0 = Debug|x86
		{C5B83B3E-C2A7-4503-B3BA-D34FECA1219C}.Debug|x86.Deploy.0 = Debug|x86
		{C5B83B3E-C2A7-4503-B3BA-D34FECA1219C}.Release|Any CPU.ActiveCfg = Release|x86
		{C5B83B3E-C2A7-4503-B3BA-D34FECA1219C}.Release|ARM.ActiveCfg = Release|ARM
		{C5B83B3E-C2A7-4503-B3BA-D34FECA1219C}.Release|ARM.Build.0 = Release|ARM
		{C5B83B3E-C2A7-4503-B3BA-D34FECA1219C}.Release|ARM.Deploy.0 = Release|ARM
		{C5B83B3E-C2A7-4503-B3BA-D34FECA1219C}.Release|x64.ActiveCfg = Release|x86
		{C5B83B3E-C2A7-4503-B3BA-D34FECA1219C}.Release|x86.ActiveCfg = Release|x86
		{C5B83B3E-C2A7-4503-B3BA-D34FECA1219C}.Release|x86.Build.0 = Release|x86
		{C5B83B3E-C2A7-4503-B3BA-D34FECA1219C}.Release|x86.Deploy.0 = Release|x86
		{946316C9-FABC-4F2A-BAC3-4489BA5A8BA6}.Debug|Any CPU.ActiveCfg = Debug|Any CPU
		{946316C9-FABC-4F2A-BAC3-4489BA5A8BA6}.Debug|Any CPU.Build.0 = Debug|Any CPU
		{946316C9-FABC-4F2A-BAC3-4489BA5A8BA6}.Debug|ARM.ActiveCfg = Debug|ARM
		{946316C9-FABC-4F2A-BAC3-4489BA5A8BA6}.Debug|ARM.Build.0 = Debug|ARM
		{946316C9-FABC-4F2A-BAC3-4489BA5A8BA6}.Debug|x64.ActiveCfg = Debug|Any CPU
		{946316C9-FABC-4F2A-BAC3-4489BA5A8BA6}.Debug|x86.ActiveCfg = Debug|x86
		{946316C9-FABC-4F2A-BAC3-4489BA5A8BA6}.Debug|x86.Build.0 = Debug|x86
		{946316C9-FABC-4F2A-BAC3-4489BA5A8BA6}.Release|Any CPU.ActiveCfg = Release|Any CPU
		{946316C9-FABC-4F2A-BAC3-4489BA5A8BA6}.Release|Any CPU.Build.0 = Release|Any CPU
		{946316C9-FABC-4F2A-BAC3-4489BA5A8BA6}.Release|ARM.ActiveCfg = Release|ARM
		{946316C9-FABC-4F2A-BAC3-4489BA5A8BA6}.Release|ARM.Build.0 = Release|ARM
		{946316C9-FABC-4F2A-BAC3-4489BA5A8BA6}.Release|x64.ActiveCfg = Release|Any CPU
		{946316C9-FABC-4F2A-BAC3-4489BA5A8BA6}.Release|x86.ActiveCfg = Release|x86
		{946316C9-FABC-4F2A-BAC3-4489BA5A8BA6}.Release|x86.Build.0 = Release|x86
		{F44C33E5-E159-4C4A-8F14-DE423B73B037}.Debug|Any CPU.ActiveCfg = Debug|Any CPU
		{F44C33E5-E159-4C4A-8F14-DE423B73B037}.Debug|Any CPU.Build.0 = Debug|Any CPU
		{F44C33E5-E159-4C4A-8F14-DE423B73B037}.Debug|ARM.ActiveCfg = Debug|ARM
		{F44C33E5-E159-4C4A-8F14-DE423B73B037}.Debug|ARM.Build.0 = Debug|ARM
		{F44C33E5-E159-4C4A-8F14-DE423B73B037}.Debug|x64.ActiveCfg = Debug|Any CPU
		{F44C33E5-E159-4C4A-8F14-DE423B73B037}.Debug|x86.ActiveCfg = Debug|x86
		{F44C33E5-E159-4C4A-8F14-DE423B73B037}.Debug|x86.Build.0 = Debug|x86
		{F44C33E5-E159-4C4A-8F14-DE423B73B037}.Release|Any CPU.ActiveCfg = Release|Any CPU
		{F44C33E5-E159-4C4A-8F14-DE423B73B037}.Release|Any CPU.Build.0 = Release|Any CPU
		{F44C33E5-E159-4C4A-8F14-DE423B73B037}.Release|ARM.ActiveCfg = Release|ARM
		{F44C33E5-E159-4C4A-8F14-DE423B73B037}.Release|ARM.Build.0 = Release|ARM
		{F44C33E5-E159-4C4A-8F14-DE423B73B037}.Release|x64.ActiveCfg = Release|Any CPU
		{F44C33E5-E159-4C4A-8F14-DE423B73B037}.Release|x86.ActiveCfg = Release|x86
		{F44C33E5-E159-4C4A-8F14-DE423B73B037}.Release|x86.Build.0 = Release|x86
		{59B35F6C-E062-4F0E-88D8-13F3F82A24F3}.Debug|Any CPU.ActiveCfg = Debug|Win32
		{59B35F6C-E062-4F0E-88D8-13F3F82A24F3}.Debug|ARM.ActiveCfg = Debug|ARM
		{59B35F6C-E062-4F0E-88D8-13F3F82A24F3}.Debug|ARM.Build.0 = Debug|ARM
		{59B35F6C-E062-4F0E-88D8-13F3F82A24F3}.Debug|x64.ActiveCfg = Debug|Win32
		{59B35F6C-E062-4F0E-88D8-13F3F82A24F3}.Debug|x86.ActiveCfg = Debug|Win32
		{59B35F6C-E062-4F0E-88D8-13F3F82A24F3}.Debug|x86.Build.0 = Debug|Win32
		{59B35F6C-E062-4F0E-88D8-13F3F82A24F3}.Release|Any CPU.ActiveCfg = Release|Win32
		{59B35F6C-E062-4F0E-88D8-13F3F82A24F3}.Release|ARM.ActiveCfg = Release|ARM
		{59B35F6C-E062-4F0E-88D8-13F3F82A24F3}.Release|ARM.Build.0 = Release|ARM
		{59B35F6C-E062-4F0E-88D8-13F3F82A24F3}.Release|x64.ActiveCfg = Release|Win32
		{59B35F6C-E062-4F0E-88D8-13F3F82A24F3}.Release|x86.ActiveCfg = Release|Win32
		{59B35F6C-E062-4F0E-88D8-13F3F82A24F3}.Release|x86.Build.0 = Release|Win32
		{399D80C0-A902-42AA-A182-484F7BBD495A}.Debug|Any CPU.ActiveCfg = Debug|Win32
		{399D80C0-A902-42AA-A182-484F7BBD495A}.Debug|ARM.ActiveCfg = Debug|ARM
		{399D80C0-A902-42AA-A182-484F7BBD495A}.Debug|ARM.Build.0 = Debug|ARM
		{399D80C0-A902-42AA-A182-484F7BBD495A}.Debug|x64.ActiveCfg = Debug|Win32
		{399D80C0-A902-42AA-A182-484F7BBD495A}.Debug|x86.ActiveCfg = Debug|Win32
		{399D80C0-A902-42AA-A182-484F7BBD495A}.Debug|x86.Build.0 = Debug|Win32
		{399D80C0-A902-42AA-A182-484F7BBD495A}.Release|Any CPU.ActiveCfg = Release|Win32
		{399D80C0-A902-42AA-A182-484F7BBD495A}.Release|ARM.ActiveCfg = Release|ARM
		{399D80C0-A902-42AA-A182-484F7BBD495A}.Release|ARM.Build.0 = Release|ARM
		{399D80C0-A902-42AA-A182-484F7BBD495A}.Release|x64.ActiveCfg = Release|Win32
		{399D80C0-A902-42AA-A182-484F7BBD495A}.Release|x86.ActiveCfg = Release|Win32
		{399D80C0-A902-42AA-A182-484F7BBD495A}.Release|x86.Build.0 = Release|Win32
		{75B31A12-C517-4A9E-974A-3B28A23CA353}.Debug|Any CPU.ActiveCfg = Debug|Any CPU
		{75B31A12-C517-4A9E-974A-3B28A23CA353}.Debug|Any CPU.Build.0 = Debug|Any CPU
		{75B31A12-C517-4A9E-974A-3B28A23CA353}.Debug|ARM.ActiveCfg = Debug|Any CPU
		{75B31A12-C517-4A9E-974A-3B28A23CA353}.Debug|x64.ActiveCfg = Debug|Any CPU
		{75B31A12-C517-4A9E-974A-3B28A23CA353}.Debug|x64.Build.0 = Debug|Any CPU
		{75B31A12-C517-4A9E-974A-3B28A23CA353}.Debug|x86.ActiveCfg = Debug|Any CPU
		{75B31A12-C517-4A9E-974A-3B28A23CA353}.Debug|x86.Build.0 = Debug|Any CPU
		{75B31A12-C517-4A9E-974A-3B28A23CA353}.Release|Any CPU.ActiveCfg = Release|Any CPU
		{75B31A12-C517-4A9E-974A-3B28A23CA353}.Release|Any CPU.Build.0 = Release|Any CPU
		{75B31A12-C517-4A9E-974A-3B28A23CA353}.Release|ARM.ActiveCfg = Release|Any CPU
		{75B31A12-C517-4A9E-974A-3B28A23CA353}.Release|x64.ActiveCfg = Release|Any CPU
		{75B31A12-C517-4A9E-974A-3B28A23CA353}.Release|x64.Build.0 = Release|Any CPU
		{75B31A12-C517-4A9E-974A-3B28A23CA353}.Release|x86.ActiveCfg = Release|Any CPU
		{75B31A12-C517-4A9E-974A-3B28A23CA353}.Release|x86.Build.0 = Release|Any CPU
		{2899EAA0-2811-491B-95E2-CA220C2D982C}.Debug|Any CPU.ActiveCfg = Debug|Any CPU
		{2899EAA0-2811-491B-95E2-CA220C2D982C}.Debug|Any CPU.Build.0 = Debug|Any CPU
		{2899EAA0-2811-491B-95E2-CA220C2D982C}.Debug|ARM.ActiveCfg = Debug|Any CPU
		{2899EAA0-2811-491B-95E2-CA220C2D982C}.Debug|x64.ActiveCfg = Debug|Any CPU
		{2899EAA0-2811-491B-95E2-CA220C2D982C}.Debug|x64.Build.0 = Debug|Any CPU
		{2899EAA0-2811-491B-95E2-CA220C2D982C}.Debug|x86.ActiveCfg = Debug|Any CPU
		{2899EAA0-2811-491B-95E2-CA220C2D982C}.Debug|x86.Build.0 = Debug|Any CPU
		{2899EAA0-2811-491B-95E2-CA220C2D982C}.Release|Any CPU.ActiveCfg = Release|Any CPU
		{2899EAA0-2811-491B-95E2-CA220C2D982C}.Release|Any CPU.Build.0 = Release|Any CPU
		{2899EAA0-2811-491B-95E2-CA220C2D982C}.Release|ARM.ActiveCfg = Release|Any CPU
		{2899EAA0-2811-491B-95E2-CA220C2D982C}.Release|x64.ActiveCfg = Release|Any CPU
		{2899EAA0-2811-491B-95E2-CA220C2D982C}.Release|x64.Build.0 = Release|Any CPU
		{2899EAA0-2811-491B-95E2-CA220C2D982C}.Release|x86.ActiveCfg = Release|Any CPU
		{2899EAA0-2811-491B-95E2-CA220C2D982C}.Release|x86.Build.0 = Release|Any CPU
		{F7D82FE3-C9F6-42BC-85ED-1FA31A118667}.Debug|Any CPU.ActiveCfg = Debug|Win32
		{F7D82FE3-C9F6-42BC-85ED-1FA31A118667}.Debug|ARM.ActiveCfg = Debug|ARM
		{F7D82FE3-C9F6-42BC-85ED-1FA31A118667}.Debug|ARM.Build.0 = Debug|ARM
		{F7D82FE3-C9F6-42BC-85ED-1FA31A118667}.Debug|x64.ActiveCfg = Debug|x64
		{F7D82FE3-C9F6-42BC-85ED-1FA31A118667}.Debug|x64.Build.0 = Debug|x64
		{F7D82FE3-C9F6-42BC-85ED-1FA31A118667}.Debug|x86.ActiveCfg = Debug|Win32
		{F7D82FE3-C9F6-42BC-85ED-1FA31A118667}.Debug|x86.Build.0 = Debug|Win32
		{F7D82FE3-C9F6-42BC-85ED-1FA31A118667}.Release|Any CPU.ActiveCfg = Release|Win32
		{F7D82FE3-C9F6-42BC-85ED-1FA31A118667}.Release|ARM.ActiveCfg = Release|ARM
		{F7D82FE3-C9F6-42BC-85ED-1FA31A118667}.Release|ARM.Build.0 = Release|ARM
		{F7D82FE3-C9F6-42BC-85ED-1FA31A118667}.Release|x64.ActiveCfg = Release|x64
		{F7D82FE3-C9F6-42BC-85ED-1FA31A118667}.Release|x64.Build.0 = Release|x64
		{F7D82FE3-C9F6-42BC-85ED-1FA31A118667}.Release|x86.ActiveCfg = Release|Win32
		{F7D82FE3-C9F6-42BC-85ED-1FA31A118667}.Release|x86.Build.0 = Release|Win32
		{173064DD-3B4F-48E2-A6CB-5803A307420E}.Debug|Any CPU.ActiveCfg = Debug|Win32
		{173064DD-3B4F-48E2-A6CB-5803A307420E}.Debug|ARM.ActiveCfg = Debug|ARM
		{173064DD-3B4F-48E2-A6CB-5803A307420E}.Debug|ARM.Build.0 = Debug|ARM
		{173064DD-3B4F-48E2-A6CB-5803A307420E}.Debug|x64.ActiveCfg = Debug|x64
		{173064DD-3B4F-48E2-A6CB-5803A307420E}.Debug|x64.Build.0 = Debug|x64
		{173064DD-3B4F-48E2-A6CB-5803A307420E}.Debug|x86.ActiveCfg = Debug|Win32
		{173064DD-3B4F-48E2-A6CB-5803A307420E}.Debug|x86.Build.0 = Debug|Win32
		{173064DD-3B4F-48E2-A6CB-5803A307420E}.Release|Any CPU.ActiveCfg = Release|Win32
		{173064DD-3B4F-48E2-A6CB-5803A307420E}.Release|ARM.ActiveCfg = Release|ARM
		{173064DD-3B4F-48E2-A6CB-5803A307420E}.Release|ARM.Build.0 = Release|ARM
		{173064DD-3B4F-48E2-A6CB-5803A307420E}.Release|x64.ActiveCfg = Release|x64
		{173064DD-3B4F-48E2-A6CB-5803A307420E}.Release|x64.Build.0 = Release|x64
		{173064DD-3B4F-48E2-A6CB-5803A307420E}.Release|x86.ActiveCfg = Release|Win32
		{173064DD-3B4F-48E2-A6CB-5803A307420E}.Release|x86.Build.0 = Release|Win32
		{6624A634-EE7E-4177-A46F-92EC1DC36BE7}.Debug|Any CPU.ActiveCfg = Debug|Any CPU
		{6624A634-EE7E-4177-A46F-92EC1DC36BE7}.Debug|Any CPU.Build.0 = Debug|Any CPU
		{6624A634-EE7E-4177-A46F-92EC1DC36BE7}.Debug|ARM.ActiveCfg = Debug|ARM
		{6624A634-EE7E-4177-A46F-92EC1DC36BE7}.Debug|ARM.Build.0 = Debug|ARM
		{6624A634-EE7E-4177-A46F-92EC1DC36BE7}.Debug|x64.ActiveCfg = Debug|x64
		{6624A634-EE7E-4177-A46F-92EC1DC36BE7}.Debug|x64.Build.0 = Debug|x64
		{6624A634-EE7E-4177-A46F-92EC1DC36BE7}.Debug|x86.ActiveCfg = Debug|x86
		{6624A634-EE7E-4177-A46F-92EC1DC36BE7}.Debug|x86.Build.0 = Debug|x86
		{6624A634-EE7E-4177-A46F-92EC1DC36BE7}.Release|Any CPU.ActiveCfg = Release|Any CPU
		{6624A634-EE7E-4177-A46F-92EC1DC36BE7}.Release|Any CPU.Build.0 = Release|Any CPU
		{6624A634-EE7E-4177-A46F-92EC1DC36BE7}.Release|ARM.ActiveCfg = Release|ARM
		{6624A634-EE7E-4177-A46F-92EC1DC36BE7}.Release|ARM.Build.0 = Release|ARM
		{6624A634-EE7E-4177-A46F-92EC1DC36BE7}.Release|x64.ActiveCfg = Release|x64
		{6624A634-EE7E-4177-A46F-92EC1DC36BE7}.Release|x64.Build.0 = Release|x64
		{6624A634-EE7E-4177-A46F-92EC1DC36BE7}.Release|x86.ActiveCfg = Release|x86
		{6624A634-EE7E-4177-A46F-92EC1DC36BE7}.Release|x86.Build.0 = Release|x86
		{A9500958-8D3C-4718-A867-135A226259E0}.Debug|Any CPU.ActiveCfg = Debug|Any CPU
		{A9500958-8D3C-4718-A867-135A226259E0}.Debug|Any CPU.Build.0 = Debug|Any CPU
		{A9500958-8D3C-4718-A867-135A226259E0}.Debug|Any CPU.Deploy.0 = Debug|Any CPU
		{A9500958-8D3C-4718-A867-135A226259E0}.Debug|ARM.ActiveCfg = Debug|ARM
		{A9500958-8D3C-4718-A867-135A226259E0}.Debug|ARM.Build.0 = Debug|ARM
		{A9500958-8D3C-4718-A867-135A226259E0}.Debug|ARM.Deploy.0 = Debug|ARM
		{A9500958-8D3C-4718-A867-135A226259E0}.Debug|x64.ActiveCfg = Debug|x64
		{A9500958-8D3C-4718-A867-135A226259E0}.Debug|x64.Build.0 = Debug|x64
		{A9500958-8D3C-4718-A867-135A226259E0}.Debug|x64.Deploy.0 = Debug|x64
		{A9500958-8D3C-4718-A867-135A226259E0}.Debug|x86.ActiveCfg = Debug|x86
		{A9500958-8D3C-4718-A867-135A226259E0}.Debug|x86.Build.0 = Debug|x86
		{A9500958-8D3C-4718-A867-135A226259E0}.Debug|x86.Deploy.0 = Debug|x86
		{A9500958-8D3C-4718-A867-135A226259E0}.Release|Any CPU.ActiveCfg = Release|Any CPU
		{A9500958-8D3C-4718-A867-135A226259E0}.Release|Any CPU.Build.0 = Release|Any CPU
		{A9500958-8D3C-4718-A867-135A226259E0}.Release|Any CPU.Deploy.0 = Release|Any CPU
		{A9500958-8D3C-4718-A867-135A226259E0}.Release|ARM.ActiveCfg = Release|ARM
		{A9500958-8D3C-4718-A867-135A226259E0}.Release|ARM.Build.0 = Release|ARM
		{A9500958-8D3C-4718-A867-135A226259E0}.Release|ARM.Deploy.0 = Release|ARM
		{A9500958-8D3C-4718-A867-135A226259E0}.Release|x64.ActiveCfg = Release|x64
		{A9500958-8D3C-4718-A867-135A226259E0}.Release|x64.Build.0 = Release|x64
		{A9500958-8D3C-4718-A867-135A226259E0}.Release|x64.Deploy.0 = Release|x64
		{A9500958-8D3C-4718-A867-135A226259E0}.Release|x86.ActiveCfg = Release|x86
		{A9500958-8D3C-4718-A867-135A226259E0}.Release|x86.Build.0 = Release|x86
		{A9500958-8D3C-4718-A867-135A226259E0}.Release|x86.Deploy.0 = Release|x86
		{98DA0CEF-BBF1-4989-8227-AF3ECA730E65}.Debug|Any CPU.ActiveCfg = Debug|x86
		{98DA0CEF-BBF1-4989-8227-AF3ECA730E65}.Debug|ARM.ActiveCfg = Debug|ARM
		{98DA0CEF-BBF1-4989-8227-AF3ECA730E65}.Debug|ARM.Build.0 = Debug|ARM
		{98DA0CEF-BBF1-4989-8227-AF3ECA730E65}.Debug|ARM.Deploy.0 = Debug|ARM
		{98DA0CEF-BBF1-4989-8227-AF3ECA730E65}.Debug|x64.ActiveCfg = Debug|x86
		{98DA0CEF-BBF1-4989-8227-AF3ECA730E65}.Debug|x86.ActiveCfg = Debug|x86
		{98DA0CEF-BBF1-4989-8227-AF3ECA730E65}.Debug|x86.Build.0 = Debug|x86
		{98DA0CEF-BBF1-4989-8227-AF3ECA730E65}.Debug|x86.Deploy.0 = Debug|x86
		{98DA0CEF-BBF1-4989-8227-AF3ECA730E65}.Release|Any CPU.ActiveCfg = Release|x86
		{98DA0CEF-BBF1-4989-8227-AF3ECA730E65}.Release|ARM.ActiveCfg = Release|ARM
		{98DA0CEF-BBF1-4989-8227-AF3ECA730E65}.Release|ARM.Build.0 = Release|ARM
		{98DA0CEF-BBF1-4989-8227-AF3ECA730E65}.Release|ARM.Deploy.0 = Release|ARM
		{98DA0CEF-BBF1-4989-8227-AF3ECA730E65}.Release|x64.ActiveCfg = Release|x86
		{98DA0CEF-BBF1-4989-8227-AF3ECA730E65}.Release|x86.ActiveCfg = Release|x86
		{98DA0CEF-BBF1-4989-8227-AF3ECA730E65}.Release|x86.Build.0 = Release|x86
		{98DA0CEF-BBF1-4989-8227-AF3ECA730E65}.Release|x86.Deploy.0 = Release|x86
	EndGlobalSection
	GlobalSection(SolutionProperties) = preSolution
		HideSolutionNode = FALSE
	EndGlobalSection
	GlobalSection(NestedProjects) = preSolution
		{94BF16E1-6978-425F-8629-DFBE5016BD9E} = {515B5C20-C08A-4DC2-A25F-BD1E64A22256}
		{03D2C42C-7493-4D5C-AF16-1833E7FE2332} = {EF237F95-8C55-4EF5-9C9D-81326EED7036}
		{C5B83B3E-C2A7-4503-B3BA-D34FECA1219C} = {8873476F-8A32-4012-8D11-C618BD0EBDB4}
		{946316C9-FABC-4F2A-BAC3-4489BA5A8BA6} = {3CDBAF48-8975-43BD-84E0-71A6A3A2C3DD}
		{F44C33E5-E159-4C4A-8F14-DE423B73B037} = {9496F989-58DC-4B09-B937-E8527EC7ECA9}
		{59B35F6C-E062-4F0E-88D8-13F3F82A24F3} = {3CDBAF48-8975-43BD-84E0-71A6A3A2C3DD}
		{399D80C0-A902-42AA-A182-484F7BBD495A} = {9496F989-58DC-4B09-B937-E8527EC7ECA9}
		{75B31A12-C517-4A9E-974A-3B28A23CA353} = {2E170E41-F692-4DD4-9751-22A8B0892151}
		{2899EAA0-2811-491B-95E2-CA220C2D982C} = {8873476F-8A32-4012-8D11-C618BD0EBDB4}
		{F7D82FE3-C9F6-42BC-85ED-1FA31A118667} = {FCB0C0E5-B193-49ED-8FC0-84BB5892A50B}
		{173064DD-3B4F-48E2-A6CB-5803A307420E} = {FCB0C0E5-B193-49ED-8FC0-84BB5892A50B}
		{6624A634-EE7E-4177-A46F-92EC1DC36BE7} = {FCB0C0E5-B193-49ED-8FC0-84BB5892A50B}
		{A9500958-8D3C-4718-A867-135A226259E0} = {8873476F-8A32-4012-8D11-C618BD0EBDB4}
		{98DA0CEF-BBF1-4989-8227-AF3ECA730E65} = {8873476F-8A32-4012-8D11-C618BD0EBDB4}
		{FCB0C0E5-B193-49ED-8FC0-84BB5892A50B} = {954F8392-B579-47E3-9138-9907BF409E32}
		{EF237F95-8C55-4EF5-9C9D-81326EED7036} = {954F8392-B579-47E3-9138-9907BF409E32}
		{9496F989-58DC-4B09-B937-E8527EC7ECA9} = {954F8392-B579-47E3-9138-9907BF409E32}
		{3CDBAF48-8975-43BD-84E0-71A6A3A2C3DD} = {954F8392-B579-47E3-9138-9907BF409E32}
		{2E170E41-F692-4DD4-9751-22A8B0892151} = {954F8392-B579-47E3-9138-9907BF409E32}
	EndGlobalSection
EndGlobal
